// !$*UTF8*$!
{
	archiveVersion = 1;
	classes = {
	};
	objectVersion = 51;
	objects = {

/* Begin PBXBuildFile section */
		71FA9A8C83BEE6DC929A6014 /* Pods_ToDoList.framework in Frameworks */ = {isa = PBXBuildFile; fileRef = F39E7AD9B48445D4674E547D /* Pods_ToDoList.framework */; };
		A533A39A251916F200E9A673 /* AppDelegate.swift in Sources */ = {isa = PBXBuildFile; fileRef = A533A399251916F200E9A673 /* AppDelegate.swift */; };
		A533A39C251916F200E9A673 /* SceneDelegate.swift in Sources */ = {isa = PBXBuildFile; fileRef = A533A39B251916F200E9A673 /* SceneDelegate.swift */; };
		A533A39E251916F200E9A673 /* ViewController.swift in Sources */ = {isa = PBXBuildFile; fileRef = A533A39D251916F200E9A673 /* ViewController.swift */; };
		A533A3A1251916F200E9A673 /* Main.storyboard in Resources */ = {isa = PBXBuildFile; fileRef = A533A39F251916F200E9A673 /* Main.storyboard */; };
		A533A3A3251916F400E9A673 /* Assets.xcassets in Resources */ = {isa = PBXBuildFile; fileRef = A533A3A2251916F400E9A673 /* Assets.xcassets */; };
		A533A3A6251916F400E9A673 /* LaunchScreen.storyboard in Resources */ = {isa = PBXBuildFile; fileRef = A533A3A4251916F400E9A673 /* LaunchScreen.storyboard */; };
		A533A3B1251916F400E9A673 /* ToDoListTests.swift in Sources */ = {isa = PBXBuildFile; fileRef = A533A3B0251916F400E9A673 /* ToDoListTests.swift */; };
		A533A3BC251916F400E9A673 /* ToDoListUITests.swift in Sources */ = {isa = PBXBuildFile; fileRef = A533A3BB251916F400E9A673 /* ToDoListUITests.swift */; };
		A533A3CA2519328900E9A673 /* EntryViewController.swift in Sources */ = {isa = PBXBuildFile; fileRef = A533A3C92519328900E9A673 /* EntryViewController.swift */; };
		A533A3CC2519329C00E9A673 /* ViewViewController.swift in Sources */ = {isa = PBXBuildFile; fileRef = A533A3CB2519329C00E9A673 /* ViewViewController.swift */; };
/* End PBXBuildFile section */

/* Begin PBXContainerItemProxy section */
		A533A3AD251916F400E9A673 /* PBXContainerItemProxy */ = {
			isa = PBXContainerItemProxy;
			containerPortal = A533A38E251916F200E9A673 /* Project object */;
			proxyType = 1;
			remoteGlobalIDString = A533A395251916F200E9A673;
			remoteInfo = ToDoList;
		};
		A533A3B8251916F400E9A673 /* PBXContainerItemProxy */ = {
			isa = PBXContainerItemProxy;
			containerPortal = A533A38E251916F200E9A673 /* Project object */;
			proxyType = 1;
			remoteGlobalIDString = A533A395251916F200E9A673;
			remoteInfo = ToDoList;
		};
/* End PBXContainerItemProxy section */

/* Begin PBXFileReference section */
		9D5A7B3A7D1CC0E2FECD6ED7 /* Pods-ToDoList.release.xcconfig */ = {isa = PBXFileReference; includeInIndex = 1; lastKnownFileType = text.xcconfig; name = "Pods-ToDoList.release.xcconfig"; path = "Target Support Files/Pods-ToDoList/Pods-ToDoList.release.xcconfig"; sourceTree = "<group>"; };
		A533A396251916F200E9A673 /* ToDoList.app */ = {isa = PBXFileReference; explicitFileType = wrapper.application; includeInIndex = 0; path = ToDoList.app; sourceTree = BUILT_PRODUCTS_DIR; };
		A533A399251916F200E9A673 /* AppDelegate.swift */ = {isa = PBXFileReference; lastKnownFileType = sourcecode.swift; path = AppDelegate.swift; sourceTree = "<group>"; };
		A533A39B251916F200E9A673 /* SceneDelegate.swift */ = {isa = PBXFileReference; lastKnownFileType = sourcecode.swift; path = SceneDelegate.swift; sourceTree = "<group>"; };
		A533A39D251916F200E9A673 /* ViewController.swift */ = {isa = PBXFileReference; lastKnownFileType = sourcecode.swift; path = ViewController.swift; sourceTree = "<group>"; };
		A533A3A0251916F200E9A673 /* Base */ = {isa = PBXFileReference; lastKnownFileType = file.storyboard; name = Base; path = Base.lproj/Main.storyboard; sourceTree = "<group>"; };
		A533A3A2251916F400E9A673 /* Assets.xcassets */ = {isa = PBXFileReference; lastKnownFileType = folder.assetcatalog; path = Assets.xcassets; sourceTree = "<group>"; };
		A533A3A5251916F400E9A673 /* Base */ = {isa = PBXFileReference; lastKnownFileType = file.storyboard; name = Base; path = Base.lproj/LaunchScreen.storyboard; sourceTree = "<group>"; };
		A533A3A7251916F400E9A673 /* Info.plist */ = {isa = PBXFileReference; lastKnownFileType = text.plist.xml; path = Info.plist; sourceTree = "<group>"; };
		A533A3AC251916F400E9A673 /* ToDoListTests.xctest */ = {isa = PBXFileReference; explicitFileType = wrapper.cfbundle; includeInIndex = 0; path = ToDoListTests.xctest; sourceTree = BUILT_PRODUCTS_DIR; };
		A533A3B0251916F400E9A673 /* ToDoListTests.swift */ = {isa = PBXFileReference; lastKnownFileType = sourcecode.swift; path = ToDoListTests.swift; sourceTree = "<group>"; };
		A533A3B2251916F400E9A673 /* Info.plist */ = {isa = PBXFileReference; lastKnownFileType = text.plist.xml; path = Info.plist; sourceTree = "<group>"; };
		A533A3B7251916F400E9A673 /* ToDoListUITests.xctest */ = {isa = PBXFileReference; explicitFileType = wrapper.cfbundle; includeInIndex = 0; path = ToDoListUITests.xctest; sourceTree = BUILT_PRODUCTS_DIR; };
		A533A3BB251916F400E9A673 /* ToDoListUITests.swift */ = {isa = PBXFileReference; lastKnownFileType = sourcecode.swift; path = ToDoListUITests.swift; sourceTree = "<group>"; };
		A533A3BD251916F400E9A673 /* Info.plist */ = {isa = PBXFileReference; lastKnownFileType = text.plist.xml; path = Info.plist; sourceTree = "<group>"; };
		A533A3C92519328900E9A673 /* EntryViewController.swift */ = {isa = PBXFileReference; lastKnownFileType = sourcecode.swift; path = EntryViewController.swift; sourceTree = "<group>"; };
		A533A3CB2519329C00E9A673 /* ViewViewController.swift */ = {isa = PBXFileReference; lastKnownFileType = sourcecode.swift; path = ViewViewController.swift; sourceTree = "<group>"; };
		B47D1C5EA1D86F5A2175C7E4 /* Pods-ToDoList.debug.xcconfig */ = {isa = PBXFileReference; includeInIndex = 1; lastKnownFileType = text.xcconfig; name = "Pods-ToDoList.debug.xcconfig"; path = "Target Support Files/Pods-ToDoList/Pods-ToDoList.debug.xcconfig"; sourceTree = "<group>"; };
		F39E7AD9B48445D4674E547D /* Pods_ToDoList.framework */ = {isa = PBXFileReference; explicitFileType = wrapper.framework; includeInIndex = 0; path = Pods_ToDoList.framework; sourceTree = BUILT_PRODUCTS_DIR; };
/* End PBXFileReference section */

/* Begin PBXFrameworksBuildPhase section */
		A533A393251916F200E9A673 /* Frameworks */ = {
			isa = PBXFrameworksBuildPhase;
			buildActionMask = 2147483647;
			files = (
				71FA9A8C83BEE6DC929A6014 /* Pods_ToDoList.framework in Frameworks */,
			);
			runOnlyForDeploymentPostprocessing = 0;
		};
		A533A3A9251916F400E9A673 /* Frameworks */ = {
			isa = PBXFrameworksBuildPhase;
			buildActionMask = 2147483647;
			files = (
			);
			runOnlyForDeploymentPostprocessing = 0;
		};
		A533A3B4251916F400E9A673 /* Frameworks */ = {
			isa = PBXFrameworksBuildPhase;
			buildActionMask = 2147483647;
			files = (
			);
			runOnlyForDeploymentPostprocessing = 0;
		};
/* End PBXFrameworksBuildPhase section */

/* Begin PBXGroup section */
		A533A38D251916F200E9A673 = {
			isa = PBXGroup;
			children = (
				A533A398251916F200E9A673 /* ToDoList */,
				A533A3AF251916F400E9A673 /* ToDoListTests */,
				A533A3BA251916F400E9A673 /* ToDoListUITests */,
				A533A397251916F200E9A673 /* Products */,
				DA87E8A8384869B2054E463F /* Pods */,
				C901765F98EA1582C9AAF6C8 /* Frameworks */,
			);
			sourceTree = "<group>";
		};
		A533A397251916F200E9A673 /* Products */ = {
			isa = PBXGroup;
			children = (
				A533A396251916F200E9A673 /* ToDoList.app */,
				A533A3AC251916F400E9A673 /* ToDoListTests.xctest */,
				A533A3B7251916F400E9A673 /* ToDoListUITests.xctest */,
			);
			name = Products;
			sourceTree = "<group>";
		};
		A533A398251916F200E9A673 /* ToDoList */ = {
			isa = PBXGroup;
			children = (
				A533A399251916F200E9A673 /* AppDelegate.swift */,
				A533A39B251916F200E9A673 /* SceneDelegate.swift */,
				A533A39D251916F200E9A673 /* ViewController.swift */,
				A533A39F251916F200E9A673 /* Main.storyboard */,
				A533A3A2251916F400E9A673 /* Assets.xcassets */,
				A533A3A4251916F400E9A673 /* LaunchScreen.storyboard */,
				A533A3A7251916F400E9A673 /* Info.plist */,
				A533A3C92519328900E9A673 /* EntryViewController.swift */,
				A533A3CB2519329C00E9A673 /* ViewViewController.swift */,
			);
			path = ToDoList;
			sourceTree = "<group>";
		};
		A533A3AF251916F400E9A673 /* ToDoListTests */ = {
			isa = PBXGroup;
			children = (
				A533A3B0251916F400E9A673 /* ToDoListTests.swift */,
				A533A3B2251916F400E9A673 /* Info.plist */,
			);
			path = ToDoListTests;
			sourceTree = "<group>";
		};
		A533A3BA251916F400E9A673 /* ToDoListUITests */ = {
			isa = PBXGroup;
			children = (
				A533A3BB251916F400E9A673 /* ToDoListUITests.swift */,
				A533A3BD251916F400E9A673 /* Info.plist */,
			);
			path = ToDoListUITests;
			sourceTree = "<group>";
		};
		C901765F98EA1582C9AAF6C8 /* Frameworks */ = {
			isa = PBXGroup;
			children = (
				F39E7AD9B48445D4674E547D /* Pods_ToDoList.framework */,
			);
			name = Frameworks;
			sourceTree = "<group>";
		};
		DA87E8A8384869B2054E463F /* Pods */ = {
			isa = PBXGroup;
			children = (
				B47D1C5EA1D86F5A2175C7E4 /* Pods-ToDoList.debug.xcconfig */,
				9D5A7B3A7D1CC0E2FECD6ED7 /* Pods-ToDoList.release.xcconfig */,
			);
			path = Pods;
			sourceTree = "<group>";
		};
/* End PBXGroup section */

/* Begin PBXNativeTarget section */
		A533A395251916F200E9A673 /* ToDoList */ = {
			isa = PBXNativeTarget;
			buildConfigurationList = A533A3C0251916F400E9A673 /* Build configuration list for PBXNativeTarget "ToDoList" */;
			buildPhases = (
				D543E63E04A271B367C14207 /* [CP] Check Pods Manifest.lock */,
				A533A392251916F200E9A673 /* Sources */,
				A533A393251916F200E9A673 /* Frameworks */,
				A533A394251916F200E9A673 /* Resources */,
				492DCACC8DBF88EF01A7A410 /* [CP] Embed Pods Frameworks */,
			);
			buildRules = (
			);
			dependencies = (
			);
			name = ToDoList;
			productName = ToDoList;
			productReference = A533A396251916F200E9A673 /* ToDoList.app */;
			productType = "com.apple.product-type.application";
		};
		A533A3AB251916F400E9A673 /* ToDoListTests */ = {
			isa = PBXNativeTarget;
			buildConfigurationList = A533A3C3251916F400E9A673 /* Build configuration list for PBXNativeTarget "ToDoListTests" */;
			buildPhases = (
				A533A3A8251916F400E9A673 /* Sources */,
				A533A3A9251916F400E9A673 /* Frameworks */,
				A533A3AA251916F400E9A673 /* Resources */,
			);
			buildRules = (
			);
			dependencies = (
				A533A3AE251916F400E9A673 /* PBXTargetDependency */,
			);
			name = ToDoListTests;
			productName = ToDoListTests;
			productReference = A533A3AC251916F400E9A673 /* ToDoListTests.xctest */;
			productType = "com.apple.product-type.bundle.unit-test";
		};
		A533A3B6251916F400E9A673 /* ToDoListUITests */ = {
			isa = PBXNativeTarget;
			buildConfigurationList = A533A3C6251916F400E9A673 /* Build configuration list for PBXNativeTarget "ToDoListUITests" */;
			buildPhases = (
				A533A3B3251916F400E9A673 /* Sources */,
				A533A3B4251916F400E9A673 /* Frameworks */,
				A533A3B5251916F400E9A673 /* Resources */,
			);
			buildRules = (
			);
			dependencies = (
				A533A3B9251916F400E9A673 /* PBXTargetDependency */,
			);
			name = ToDoListUITests;
			productName = ToDoListUITests;
			productReference = A533A3B7251916F400E9A673 /* ToDoListUITests.xctest */;
			productType = "com.apple.product-type.bundle.ui-testing";
		};
/* End PBXNativeTarget section */

/* Begin PBXProject section */
		A533A38E251916F200E9A673 /* Project object */ = {
			isa = PBXProject;
			attributes = {
				LastSwiftUpdateCheck = 1170;
				LastUpgradeCheck = 1170;
				ORGANIZATIONNAME = "Julia Turner";
				TargetAttributes = {
					A533A395251916F200E9A673 = {
						CreatedOnToolsVersion = 11.7;
					};
					A533A3AB251916F400E9A673 = {
						CreatedOnToolsVersion = 11.7;
						TestTargetID = A533A395251916F200E9A673;
					};
					A533A3B6251916F400E9A673 = {
						CreatedOnToolsVersion = 11.7;
						TestTargetID = A533A395251916F200E9A673;
					};
				};
			};
			buildConfigurationList = A533A391251916F200E9A673 /* Build configuration list for PBXProject "ToDoList" */;
			compatibilityVersion = "Xcode 9.3";
			developmentRegion = en;
			hasScannedForEncodings = 0;
			knownRegions = (
				en,
				Base,
			);
			mainGroup = A533A38D251916F200E9A673;
			productRefGroup = A533A397251916F200E9A673 /* Products */;
			projectDirPath = "";
			projectRoot = "";
			targets = (
				A533A395251916F200E9A673 /* ToDoList */,
				A533A3AB251916F400E9A673 /* ToDoListTests */,
				A533A3B6251916F400E9A673 /* ToDoListUITests */,
			);
		};
/* End PBXProject section */

/* Begin PBXResourcesBuildPhase section */
		A533A394251916F200E9A673 /* Resources */ = {
			isa = PBXResourcesBuildPhase;
			buildActionMask = 2147483647;
			files = (
				A533A3A6251916F400E9A673 /* LaunchScreen.storyboard in Resources */,
				A533A3A3251916F400E9A673 /* Assets.xcassets in Resources */,
				A533A3A1251916F200E9A673 /* Main.storyboard in Resources */,
			);
			runOnlyForDeploymentPostprocessing = 0;
		};
		A533A3AA251916F400E9A673 /* Resources */ = {
			isa = PBXResourcesBuildPhase;
			buildActionMask = 2147483647;
			files = (
			);
			runOnlyForDeploymentPostprocessing = 0;
		};
		A533A3B5251916F400E9A673 /* Resources */ = {
			isa = PBXResourcesBuildPhase;
			buildActionMask = 2147483647;
			files = (
			);
			runOnlyForDeploymentPostprocessing = 0;
		};
/* End PBXResourcesBuildPhase section */

/* Begin PBXShellScriptBuildPhase section */
		492DCACC8DBF88EF01A7A410 /* [CP] Embed Pods Frameworks */ = {
			isa = PBXShellScriptBuildPhase;
			buildActionMask = 2147483647;
			files = (
			);
			inputFileListPaths = (
				"${PODS_ROOT}/Target Support Files/Pods-ToDoList/Pods-ToDoList-frameworks-${CONFIGURATION}-input-files.xcfilelist",
			);
			name = "[CP] Embed Pods Frameworks";
			outputFileListPaths = (
				"${PODS_ROOT}/Target Support Files/Pods-ToDoList/Pods-ToDoList-frameworks-${CONFIGURATION}-output-files.xcfilelist",
			);
			runOnlyForDeploymentPostprocessing = 0;
			shellPath = /bin/sh;
			shellScript = "\"${PODS_ROOT}/Target Support Files/Pods-ToDoList/Pods-ToDoList-frameworks.sh\"\n";
			showEnvVarsInLog = 0;
		};
		D543E63E04A271B367C14207 /* [CP] Check Pods Manifest.lock */ = {
			isa = PBXShellScriptBuildPhase;
			buildActionMask = 2147483647;
			files = (
			);
			inputFileListPaths = (
			);
			inputPaths = (
				"${PODS_PODFILE_DIR_PATH}/Podfile.lock",
				"${PODS_ROOT}/Manifest.lock",
			);
			name = "[CP] Check Pods Manifest.lock";
			outputFileListPaths = (
			);
			outputPaths = (
				"$(DERIVED_FILE_DIR)/Pods-ToDoList-checkManifestLockResult.txt",
			);
			runOnlyForDeploymentPostprocessing = 0;
			shellPath = /bin/sh;
			shellScript = "diff \"${PODS_PODFILE_DIR_PATH}/Podfile.lock\" \"${PODS_ROOT}/Manifest.lock\" > /dev/null\nif [ $? != 0 ] ; then\n    # print error to STDERR\n    echo \"error: The sandbox is not in sync with the Podfile.lock. Run 'pod install' or update your CocoaPods installation.\" >&2\n    exit 1\nfi\n# This output is used by Xcode 'outputs' to avoid re-running this script phase.\necho \"SUCCESS\" > \"${SCRIPT_OUTPUT_FILE_0}\"\n";
			showEnvVarsInLog = 0;
		};
/* End PBXShellScriptBuildPhase section */

/* Begin PBXSourcesBuildPhase section */
		A533A392251916F200E9A673 /* Sources */ = {
			isa = PBXSourcesBuildPhase;
			buildActionMask = 2147483647;
			files = (
				A533A39E251916F200E9A673 /* ViewController.swift in Sources */,
				A533A3CA2519328900E9A673 /* EntryViewController.swift in Sources */,
				A533A3CC2519329C00E9A673 /* ViewViewController.swift in Sources */,
				A533A39A251916F200E9A673 /* AppDelegate.swift in Sources */,
				A533A39C251916F200E9A673 /* SceneDelegate.swift in Sources */,
			);
			runOnlyForDeploymentPostprocessing = 0;
		};
		A533A3A8251916F400E9A673 /* Sources */ = {
			isa = PBXSourcesBuildPhase;
			buildActionMask = 2147483647;
			files = (
				A533A3B1251916F400E9A673 /* ToDoListTests.swift in Sources */,
			);
			runOnlyForDeploymentPostprocessing = 0;
		};
		A533A3B3251916F400E9A673 /* Sources */ = {
			isa = PBXSourcesBuildPhase;
			buildActionMask = 2147483647;
			files = (
				A533A3BC251916F400E9A673 /* ToDoListUITests.swift in Sources */,
			);
			runOnlyForDeploymentPostprocessing = 0;
		};
/* End PBXSourcesBuildPhase section */

/* Begin PBXTargetDependency section */
		A533A3AE251916F400E9A673 /* PBXTargetDependency */ = {
			isa = PBXTargetDependency;
			target = A533A395251916F200E9A673 /* ToDoList */;
			targetProxy = A533A3AD251916F400E9A673 /* PBXContainerItemProxy */;
		};
		A533A3B9251916F400E9A673 /* PBXTargetDependency */ = {
			isa = PBXTargetDependency;
			target = A533A395251916F200E9A673 /* ToDoList */;
			targetProxy = A533A3B8251916F400E9A673 /* PBXContainerItemProxy */;
		};
/* End PBXTargetDependency section */

/* Begin PBXVariantGroup section */
		A533A39F251916F200E9A673 /* Main.storyboard */ = {
			isa = PBXVariantGroup;
			children = (
				A533A3A0251916F200E9A673 /* Base */,
			);
			name = Main.storyboard;
			sourceTree = "<group>";
		};
		A533A3A4251916F400E9A673 /* LaunchScreen.storyboard */ = {
			isa = PBXVariantGroup;
			children = (
				A533A3A5251916F400E9A673 /* Base */,
			);
			name = LaunchScreen.storyboard;
			sourceTree = "<group>";
		};
/* End PBXVariantGroup section */

/* Begin XCBuildConfiguration section */
		A533A3BE251916F400E9A673 /* Debug */ = {
			isa = XCBuildConfiguration;
			buildSettings = {
				ALWAYS_SEARCH_USER_PATHS = NO;
				CLANG_ANALYZER_NONNULL = YES;
				CLANG_ANALYZER_NUMBER_OBJECT_CONVERSION = YES_AGGRESSIVE;
				CLANG_CXX_LANGUAGE_STANDARD = "gnu++14";
				CLANG_CXX_LIBRARY = "libc++";
				CLANG_ENABLE_MODULES = YES;
				CLANG_ENABLE_OBJC_ARC = YES;
				CLANG_ENABLE_OBJC_WEAK = YES;
				CLANG_WARN_BLOCK_CAPTURE_AUTORELEASING = YES;
				CLANG_WARN_BOOL_CONVERSION = YES;
				CLANG_WARN_COMMA = YES;
				CLANG_WARN_CONSTANT_CONVERSION = YES;
				CLANG_WARN_DEPRECATED_OBJC_IMPLEMENTATIONS = YES;
				CLANG_WARN_DIRECT_OBJC_ISA_USAGE = YES_ERROR;
				CLANG_WARN_DOCUMENTATION_COMMENTS = YES;
				CLANG_WARN_EMPTY_BODY = YES;
				CLANG_WARN_ENUM_CONVERSION = YES;
				CLANG_WARN_INFINITE_RECURSION = YES;
				CLANG_WARN_INT_CONVERSION = YES;
				CLANG_WARN_NON_LITERAL_NULL_CONVERSION = YES;
				CLANG_WARN_OBJC_IMPLICIT_RETAIN_SELF = YES;
				CLANG_WARN_OBJC_LITERAL_CONVERSION = YES;
				CLANG_WARN_OBJC_ROOT_CLASS = YES_ERROR;
				CLANG_WARN_RANGE_LOOP_ANALYSIS = YES;
				CLANG_WARN_STRICT_PROTOTYPES = YES;
				CLANG_WARN_SUSPICIOUS_MOVE = YES;
				CLANG_WARN_UNGUARDED_AVAILABILITY = YES_AGGRESSIVE;
				CLANG_WARN_UNREACHABLE_CODE = YES;
				CLANG_WARN__DUPLICATE_METHOD_MATCH = YES;
				COPY_PHASE_STRIP = NO;
				DEBUG_INFORMATION_FORMAT = dwarf;
				ENABLE_STRICT_OBJC_MSGSEND = YES;
				ENABLE_TESTABILITY = YES;
				GCC_C_LANGUAGE_STANDARD = gnu11;
				GCC_DYNAMIC_NO_PIC = NO;
				GCC_NO_COMMON_BLOCKS = YES;
				GCC_OPTIMIZATION_LEVEL = 0;
				GCC_PREPROCESSOR_DEFINITIONS = (
					"DEBUG=1",
					"$(inherited)",
				);
				GCC_WARN_64_TO_32_BIT_CONVERSION = YES;
				GCC_WARN_ABOUT_RETURN_TYPE = YES_ERROR;
				GCC_WARN_UNDECLARED_SELECTOR = YES;
				GCC_WARN_UNINITIALIZED_AUTOS = YES_AGGRESSIVE;
				GCC_WARN_UNUSED_FUNCTION = YES;
				GCC_WARN_UNUSED_VARIABLE = YES;
				IPHONEOS_DEPLOYMENT_TARGET = 13.7;
				MTL_ENABLE_DEBUG_INFO = INCLUDE_SOURCE;
				MTL_FAST_MATH = YES;
				ONLY_ACTIVE_ARCH = YES;
				SDKROOT = iphoneos;
				SWIFT_ACTIVE_COMPILATION_CONDITIONS = DEBUG;
				SWIFT_OPTIMIZATION_LEVEL = "-Onone";
			};
			name = Debug;
		};
		A533A3BF251916F400E9A673 /* Release */ = {
			isa = XCBuildConfiguration;
			buildSettings = {
				ALWAYS_SEARCH_USER_PATHS = NO;
				CLANG_ANALYZER_NONNULL = YES;
				CLANG_ANALYZER_NUMBER_OBJECT_CONVERSION = YES_AGGRESSIVE;
				CLANG_CXX_LANGUAGE_STANDARD = "gnu++14";
				CLANG_CXX_LIBRARY = "libc++";
				CLANG_ENABLE_MODULES = YES;
				CLANG_ENABLE_OBJC_ARC = YES;
				CLANG_ENABLE_OBJC_WEAK = YES;
				CLANG_WARN_BLOCK_CAPTURE_AUTORELEASING = YES;
				CLANG_WARN_BOOL_CONVERSION = YES;
				CLANG_WARN_COMMA = YES;
				CLANG_WARN_CONSTANT_CONVERSION = YES;
				CLANG_WARN_DEPRECATED_OBJC_IMPLEMENTATIONS = YES;
				CLANG_WARN_DIRECT_OBJC_ISA_USAGE = YES_ERROR;
				CLANG_WARN_DOCUMENTATION_COMMENTS = YES;
				CLANG_WARN_EMPTY_BODY = YES;
				CLANG_WARN_ENUM_CONVERSION = YES;
				CLANG_WARN_INFINITE_RECURSION = YES;
				CLANG_WARN_INT_CONVERSION = YES;
				CLANG_WARN_NON_LITERAL_NULL_CONVERSION = YES;
				CLANG_WARN_OBJC_IMPLICIT_RETAIN_SELF = YES;
				CLANG_WARN_OBJC_LITERAL_CONVERSION = YES;
				CLANG_WARN_OBJC_ROOT_CLASS = YES_ERROR;
				CLANG_WARN_RANGE_LOOP_ANALYSIS = YES;
				CLANG_WARN_STRICT_PROTOTYPES = YES;
				CLANG_WARN_SUSPICIOUS_MOVE = YES;
				CLANG_WARN_UNGUARDED_AVAILABILITY = YES_AGGRESSIVE;
				CLANG_WARN_UNREACHABLE_CODE = YES;
				CLANG_WARN__DUPLICATE_METHOD_MATCH = YES;
				COPY_PHASE_STRIP = NO;
				DEBUG_INFORMATION_FORMAT = "dwarf-with-dsym";
				ENABLE_NS_ASSERTIONS = NO;
				ENABLE_STRICT_OBJC_MSGSEND = YES;
				GCC_C_LANGUAGE_STANDARD = gnu11;
				GCC_NO_COMMON_BLOCKS = YES;
				GCC_WARN_64_TO_32_BIT_CONVERSION = YES;
				GCC_WARN_ABOUT_RETURN_TYPE = YES_ERROR;
				GCC_WARN_UNDECLARED_SELECTOR = YES;
				GCC_WARN_UNINITIALIZED_AUTOS = YES_AGGRESSIVE;
				GCC_WARN_UNUSED_FUNCTION = YES;
				GCC_WARN_UNUSED_VARIABLE = YES;
				IPHONEOS_DEPLOYMENT_TARGET = 13.7;
				MTL_ENABLE_DEBUG_INFO = NO;
				MTL_FAST_MATH = YES;
				SDKROOT = iphoneos;
				SWIFT_COMPILATION_MODE = wholemodule;
				SWIFT_OPTIMIZATION_LEVEL = "-O";
				VALIDATE_PRODUCT = YES;
			};
			name = Release;
		};
		A533A3C1251916F400E9A673 /* Debug */ = {
			isa = XCBuildConfiguration;
			baseConfigurationReference = B47D1C5EA1D86F5A2175C7E4 /* Pods-ToDoList.debug.xcconfig */;
			buildSettings = {
				ASSETCATALOG_COMPILER_APPICON_NAME = AppIcon;
				CODE_SIGN_STYLE = Automatic;
				INFOPLIST_FILE = ToDoList/Info.plist;
				LD_RUNPATH_SEARCH_PATHS = (
					"$(inherited)",
					"@executable_path/Frameworks",
				);
				PRODUCT_BUNDLE_IDENTIFIER = com.JuliaTurner.ToDoList;
				PRODUCT_NAME = "$(TARGET_NAME)";
				SWIFT_VERSION = 5.0;
				TARGETED_DEVICE_FAMILY = "1,2";
			};
			name = Debug;
		};
		A533A3C2251916F400E9A673 /* Release */ = {
			isa = XCBuildConfiguration;
			baseConfigurationReference = 9D5A7B3A7D1CC0E2FECD6ED7 /* Pods-ToDoList.release.xcconfig */;
			buildSettings = {
				ASSETCATALOG_COMPILER_APPICON_NAME = AppIcon;
				CODE_SIGN_STYLE = Automatic;
				INFOPLIST_FILE = ToDoList/Info.plist;
				LD_RUNPATH_SEARCH_PATHS = (
					"$(inherited)",
					"@executable_path/Frameworks",
				);
				PRODUCT_BUNDLE_IDENTIFIER = com.JuliaTurner.ToDoList;
				PRODUCT_NAME = "$(TARGET_NAME)";
				SWIFT_VERSION = 5.0;
				TARGETED_DEVICE_FAMILY = "1,2";
			};
			name = Release;
		};
		A533A3C4251916F400E9A673 /* Debug */ = {
			isa = XCBuildConfiguration;
			buildSettings = {
				ALWAYS_EMBED_SWIFT_STANDARD_LIBRARIES = YES;
				BUNDLE_LOADER = "$(TEST_HOST)";
				CODE_SIGN_STYLE = Automatic;
				INFOPLIST_FILE = ToDoListTests/Info.plist;
				IPHONEOS_DEPLOYMENT_TARGET = 13.7;
				LD_RUNPATH_SEARCH_PATHS = (
					"$(inherited)",
					"@executable_path/Frameworks",
					"@loader_path/Frameworks",
				);
				PRODUCT_BUNDLE_IDENTIFIER = com.JuliaTurner.ToDoListTests;
				PRODUCT_NAME = "$(TARGET_NAME)";
				SWIFT_VERSION = 5.0;
				TARGETED_DEVICE_FAMILY = "1,2";
				TEST_HOST = "$(BUILT_PRODUCTS_DIR)/ToDoList.app/ToDoList";
			};
			name = Debug;
		};
		A533A3C5251916F400E9A673 /* Release */ = {
			isa = XCBuildConfiguration;
			buildSettings = {
				ALWAYS_EMBED_SWIFT_STANDARD_LIBRARIES = YES;
				BUNDLE_LOADER = "$(TEST_HOST)";
				CODE_SIGN_STYLE = Automatic;
				INFOPLIST_FILE = ToDoListTests/Info.plist;
				IPHONEOS_DEPLOYMENT_TARGET = 13.7;
				LD_RUNPATH_SEARCH_PATHS = (
					"$(inherited)",
					"@executable_path/Frameworks",
					"@loader_path/Frameworks",
				);
				PRODUCT_BUNDLE_IDENTIFIER = com.JuliaTurner.ToDoListTests;
				PRODUCT_NAME = "$(TARGET_NAME)";
				SWIFT_VERSION = 5.0;
				TARGETED_DEVICE_FAMILY = "1,2";
				TEST_HOST = "$(BUILT_PRODUCTS_DIR)/ToDoList.app/ToDoList";
			};
			name = Release;
		};
		A533A3C7251916F400E9A673 /* Debug */ = {
			isa = XCBuildConfiguration;
			buildSettings = {
				ALWAYS_EMBED_SWIFT_STANDARD_LIBRARIES = YES;
				CODE_SIGN_STYLE = Automatic;
				INFOPLIST_FILE = ToDoListUITests/Info.plist;
				LD_RUNPATH_SEARCH_PATHS = (
					"$(inherited)",
					"@executable_path/Frameworks",
					"@loader_path/Frameworks",
				);
				PRODUCT_BUNDLE_IDENTIFIER = com.JuliaTurner.ToDoListUITests;
				PRODUCT_NAME = "$(TARGET_NAME)";
				SWIFT_VERSION = 5.0;
				TARGETED_DEVICE_FAMILY = "1,2";
				TEST_TARGET_NAME = ToDoList;
			};
			name = Debug;
		};
		A533A3C8251916F400E9A673 /* Release */ = {
			isa = XCBuildConfiguration;
			buildSettings = {
				ALWAYS_EMBED_SWIFT_STANDARD_LIBRARIES = YES;
				CODE_SIGN_STYLE = Automatic;
				INFOPLIST_FILE = ToDoListUITests/Info.plist;
				LD_RUNPATH_SEARCH_PATHS = (
					"$(inherited)",
					"@executable_path/Frameworks",
					"@loader_path/Frameworks",
				);
				PRODUCT_BUNDLE_IDENTIFIER = com.JuliaTurner.ToDoListUITests;
				PRODUCT_NAME = "$(TARGET_NAME)";
				SWIFT_VERSION = 5.0;
				TARGETED_DEVICE_FAMILY = "1,2";
				TEST_TARGET_NAME = ToDoList;
			};
			name = Release;
		};
/* End XCBuildConfiguration section */

/* Begin XCConfigurationList section */
		A533A391251916F200E9A673 /* Build configuration list for PBXProject "ToDoList" */ = {
			isa = XCConfigurationList;
			buildConfigurations = (
				A533A3BE251916F400E9A673 /* Debug */,
				A533A3BF251916F400E9A673 /* Release */,
			);
			defaultConfigurationIsVisible = 0;
			defaultConfigurationName = Release;
		};
		A533A3C0251916F400E9A673 /* Build configuration list for PBXNativeTarget "ToDoList" */ = {
			isa = XCConfigurationList;
			buildConfigurations = (
				A533A3C1251916F400E9A673 /* Debug */,
				A533A3C2251916F400E9A673 /* Release */,
			);
			defaultConfigurationIsVisible = 0;
			defaultConfigurationName = Release;
		};
		A533A3C3251916F400E9A673 /* Build configuration list for PBXNativeTarget "ToDoListTests" */ = {
			isa = XCConfigurationList;
			buildConfigurations = (
				A533A3C4251916F400E9A673 /* Debug */,
				A533A3C5251916F400E9A673 /* Release */,
			);
			defaultConfigurationIsVisible = 0;
			defaultConfigurationName = Release;
		};
		A533A3C6251916F400E9A673 /* Build configuration list for PBXNativeTarget "ToDoListUITests" */ = {
			isa = XCConfigurationList;
			buildConfigurations = (
				A533A3C7251916F400E9A673 /* Debug */,
				A533A3C8251916F400E9A673 /* Release */,
			);
			defaultConfigurationIsVisible = 0;
			defaultConfigurationName = Release;
		};
/* End XCConfigurationList section */
	};
	rootObject = A533A38E251916F200E9A673 /* Project object */;
}
